version: 1.0
shards:
  discordcr:
    github: meew0/discordcr
    version: 0.1.1

  kemal:
    github: sdogruyol/kemal
    commit: 7908b54767bb422ea67999d3ca8575ea5734d5c1

  kilt:
    github: jeromegn/kilt
    version: 0.3.3

  multipart:
    github: RX14/multipart.cr
    version: 0.1.0

  radix:
    github: luislavena/radix
    version: 0.3.1

